{
  "requires": true,
  "lockfileVersion": 1,
  "dependencies": {
    "ng-block-ui": {
      "version": "3.0.2",
      "resolved": "https://registry.npmjs.org/ng-block-ui/-/ng-block-ui-3.0.2.tgz",
      "integrity": "sha512-EP3IXP8WSoKQOAwunf/v77aydcBCSLkEm5K8duRMSXFsnrcTdNqUiaLDKCf9U3COHY52IVBJcLb9PGhMBCWVSA==",
      "requires": {
        "tslib": "^1.10.0"
      }
    },
    "tslib": {
      "version": "1.14.1",
      "resolved": "https://registry.npmjs.org/tslib/-/tslib-1.14.1.tgz",
      "integrity": "sha512-Xni35NKzjgMrwevysHTCArtLDpPvye8zV/0E4EyYn43P7/7qvQwPh9BGkHewbMulVntbigmcT7rdX3BNo9wRJg=="
    }
  }
}
